
Microsoft Visual Studio Solution File, Format Version 12.00
# Visual Studio Version 16
VisualStudioVersion = 25.0.1706.2
MinimumVisualStudioVersion = 10.0.40219.1
Project("{FAE04EC0-301F-11D3-BF4B-00C04F79EFBC}") = "SpotifySongHistory", "SpotifySongHistory.csproj", "{B567CF76-242E-44EC-9F5B-AAB15A2D05CA}"
EndProject
Global
	GlobalSection(SolutionConfigurationPlatforms) = preSolution
		Debug|Any CPU = Debug|Any CPU
		Release|Any CPU = Release|Any CPU
	EndGlobalSection
	GlobalSection(ProjectConfigurationPlatforms) = postSolution
		{B567CF76-242E-44EC-9F5B-AAB15A2D05CA}.Debug|Any CPU.ActiveCfg = Debug|Any CPU
		{B567CF76-242E-44EC-9F5B-AAB15A2D05CA}.Debug|Any CPU.Build.0 = Debug|Any CPU
		{B567CF76-242E-44EC-9F5B-AAB15A2D05CA}.Release|Any CPU.ActiveCfg = Release|Any CPU
		{B567CF76-242E-44EC-9F5B-AAB15A2D05CA}.Release|Any CPU.Build.0 = Release|Any CPU
	EndGlobalSection
	GlobalSection(SolutionProperties) = preSolution
		HideSolutionNode = FALSE
	EndGlobalSection
	GlobalSection(ExtensibilityGlobals) = postSolution
		SolutionGuid = {61166CDC-FD35-4031-81FA-3CEF6D053329}
	EndGlobalSection
EndGlobal
